
Microsoft Visual Studio Solution File, Format Version 12.00
# Visual Studio 14
VisualStudioVersion = 14.0.25420.1
MinimumVisualStudioVersion = 10.0.40219.1
Project("{FAE04EC0-301F-11D3-BF4B-00C04F79EFBC}") = "IdentityPermissionExtension", "IdentityPermission\IdentityPermissionExtension.csproj", "{0DD3726C-04DD-4D17-82B6-BF20898D0D92}"
EndProject
Project("{FAE04EC0-301F-11D3-BF4B-00C04F79EFBC}") = "Example", "Example\Example.csproj", "{C93F1336-E29C-48CE-912D-A572363DF29E}"
EndProject
Global
	GlobalSection(SolutionConfigurationPlatforms) = preSolution
		Debug|Any CPU = Debug|Any CPU
		Release|Any CPU = Release|Any CPU
	EndGlobalSection
	GlobalSection(ProjectConfigurationPlatforms) = postSolution
		{0DD3726C-04DD-4D17-82B6-BF20898D0D92}.Debug|Any CPU.ActiveCfg = Debug|Any CPU
		{0DD3726C-04DD-4D17-82B6-BF20898D0D92}.Debug|Any CPU.Build.0 = Debug|Any CPU
		{0DD3726C-04DD-4D17-82B6-BF20898D0D92}.Release|Any CPU.ActiveCfg = Release|Any CPU
		{0DD3726C-04DD-4D17-82B6-BF20898D0D92}.Release|Any CPU.Build.0 = Release|Any CPU
		{C93F1336-E29C-48CE-912D-A572363DF29E}.Debug|Any CPU.ActiveCfg = Debug|Any CPU
		{C93F1336-E29C-48CE-912D-A572363DF29E}.Debug|Any CPU.Build.0 = Debug|Any CPU
		{C93F1336-E29C-48CE-912D-A572363DF29E}.Release|Any CPU.ActiveCfg = Release|Any CPU
		{C93F1336-E29C-48CE-912D-A572363DF29E}.Release|Any CPU.Build.0 = Release|Any CPU
	EndGlobalSection
	GlobalSection(SolutionProperties) = preSolution
		HideSolutionNode = FALSE
	EndGlobalSection
EndGlobal
